
Microsoft Visual Studio Solution File, Format Version 12.00
# Visual Studio Version 16
VisualStudioVersion = 16.0.31424.327
MinimumVisualStudioVersion = 10.0.40219.1
Project("{FAE04EC0-301F-11D3-BF4B-00C04F79EFBC}") = "HomeWork2_1", "HomeWork2_1\HomeWork2_1.csproj", "{BAB4F154-750E-4F7F-8A0A-1D9B722A4480}"
EndProject
Global
	GlobalSection(SolutionConfigurationPlatforms) = preSolution
		Debug|Any CPU = Debug|Any CPU
		Release|Any CPU = Release|Any CPU
	EndGlobalSection
	GlobalSection(ProjectConfigurationPlatforms) = postSolution
		{BAB4F154-750E-4F7F-8A0A-1D9B722A4480}.Debug|Any CPU.ActiveCfg = Debug|Any CPU
		{BAB4F154-750E-4F7F-8A0A-1D9B722A4480}.Debug|Any CPU.Build.0 = Debug|Any CPU
		{BAB4F154-750E-4F7F-8A0A-1D9B722A4480}.Release|Any CPU.ActiveCfg = Release|Any CPU
		{BAB4F154-750E-4F7F-8A0A-1D9B722A4480}.Release|Any CPU.Build.0 = Release|Any CPU
	EndGlobalSection
	GlobalSection(SolutionProperties) = preSolution
		HideSolutionNode = FALSE
	EndGlobalSection
	GlobalSection(ExtensibilityGlobals) = postSolution
		SolutionGuid = {3B43CD9C-8E1F-4021-999A-3609D74C1F55}
	EndGlobalSection
EndGlobal
